
Microsoft Visual Studio Solution File, Format Version 12.00
# Visual Studio 15
VisualStudioVersion = 15.0.28307.168
MinimumVisualStudioVersion = 10.0.40219.1
Project("{8BC9CEB8-8B4A-11D0-8D11-00A0C91BC942}") = "Sandbox", "Sandbox\Sandbox.vcxproj", "{C33299CC-3EAA-4216-8006-699A7F485291}"
EndProject
Project("{8BC9CEB8-8B4A-11D0-8D11-00A0C91BC942}") = "NolEngine", "NolEngine\NolEngine.vcxproj", "{AAFF8979-4742-4495-91FF-D7FD4F4EFABB}"
EndProject
Global
	GlobalSection(SolutionConfigurationPlatforms) = preSolution
		Debug|x64 = Debug|x64
		Release|x64 = Release|x64
	EndGlobalSection
	GlobalSection(ProjectConfigurationPlatforms) = postSolution
		{AAFF8979-4742-4495-91FF-D7FD4F4EFABB}.Debug|x64.ActiveCfg = Debug|x64
		{AAFF8979-4742-4495-91FF-D7FD4F4EFABB}.Debug|x64.Build.0 = Debug|x64
		{AAFF8979-4742-4495-91FF-D7FD4F4EFABB}.Release|x64.ActiveCfg = Release|x64
		{AAFF8979-4742-4495-91FF-D7FD4F4EFABB}.Release|x64.Build.0 = Release|x64
		{C33299CC-3EAA-4216-8006-699A7F485291}.Debug|x64.ActiveCfg = Debug|x64
		{C33299CC-3EAA-4216-8006-699A7F485291}.Debug|x64.Build.0 = Debug|x64
		{C33299CC-3EAA-4216-8006-699A7F485291}.Release|x64.ActiveCfg = Release|x64
		{C33299CC-3EAA-4216-8006-699A7F485291}.Release|x64.Build.0 = Release|x64
	EndGlobalSection
	GlobalSection(SolutionProperties) = preSolution
		HideSolutionNode = FALSE
	EndGlobalSection
	GlobalSection(ExtensibilityGlobals) = postSolution
		SolutionGuid = {F1FF9FB7-F21E-4E2C-BDC5-A031C4E9A77E}
	EndGlobalSection
EndGlobal
